
Microsoft Visual Studio Solution File, Format Version 12.00
# Visual Studio Version 17
VisualStudioVersion = 17.0.31521.260
MinimumVisualStudioVersion = 10.0.40219.1
Project("{FAE04EC0-301F-11D3-BF4B-00C04F79EFBC}") = "TroubleTool", "TroubleTool.csproj", "{16B63272-9F00-4560-8FCF-22CF179D7162}"
EndProject
Global
	GlobalSection(SolutionConfigurationPlatforms) = preSolution
		Debug|Any CPU = Debug|Any CPU
		Debug|x64 = Debug|x64
		Release|Any CPU = Release|Any CPU
		Release|x64 = Release|x64
	EndGlobalSection
	GlobalSection(ProjectConfigurationPlatforms) = postSolution
		{16B63272-9F00-4560-8FCF-22CF179D7162}.Debug|Any CPU.ActiveCfg = Debug|Any CPU
		{16B63272-9F00-4560-8FCF-22CF179D7162}.Debug|Any CPU.Build.0 = Debug|Any CPU
		{16B63272-9F00-4560-8FCF-22CF179D7162}.Debug|x64.ActiveCfg = Debug|x64
		{16B63272-9F00-4560-8FCF-22CF179D7162}.Debug|x64.Build.0 = Debug|x64
		{16B63272-9F00-4560-8FCF-22CF179D7162}.Release|Any CPU.ActiveCfg = Release|Any CPU
		{16B63272-9F00-4560-8FCF-22CF179D7162}.Release|Any CPU.Build.0 = Release|Any CPU
		{16B63272-9F00-4560-8FCF-22CF179D7162}.Release|x64.ActiveCfg = Release|x64
		{16B63272-9F00-4560-8FCF-22CF179D7162}.Release|x64.Build.0 = Release|x64
	EndGlobalSection
	GlobalSection(SolutionProperties) = preSolution
		HideSolutionNode = FALSE
	EndGlobalSection
	GlobalSection(ExtensibilityGlobals) = postSolution
		SolutionGuid = {643CB7A5-A17C-4362-8CB1-1B4FBCA8D79A}
	EndGlobalSection
EndGlobal
